
Microsoft Visual Studio Solution File, Format Version 12.00
# Visual Studio Version 17
VisualStudioVersion = 17.11.35303.130
MinimumVisualStudioVersion = 10.0.40219.1
Project("{9A19103F-16F7-4668-BE54-9A1E7A4F7556}") = "HealthCTX.Domain", "HealthCTX.Domain\HealthCTX.Domain.csproj", "{8E7963C9-3CE3-4F2B-A244-7A270DC2F091}"
EndProject
Project("{9A19103F-16F7-4668-BE54-9A1E7A4F7556}") = "HealthCTX.Generator", "HealthCTX.Generator\HealthCTX.Generator\HealthCTX.Generator.csproj", "{4C232F7B-F822-4C6E-883C-2148576309D1}"
EndProject
Project("{9A19103F-16F7-4668-BE54-9A1E7A4F7556}") = "HealthCTX.Generator.Test", "HealthCTX.Generator\HealthCTX.Generator.Test\HealthCTX.Generator.Test.csproj", "{94ACCB9D-2870-4E1F-866A-259942A65FB0}"
EndProject
Project("{2150E333-8FDC-42A3-9474-1A3956D46DE8}") = "HealthCTX.Domain.Test", "HealthCTX.Domain.Test", "{35EA1D69-5D3E-4CB8-BCBB-401990C4AC4F}"
EndProject
Project("{FAE04EC0-301F-11D3-BF4B-00C04F79EFBC}") = "HealthCTX.Domain.Test.Patients", "HealthCTX.Domain.Test\Patients\HealthCTX.Domain.Test.Patients.csproj", "{A7CA21C1-71AA-414E-A681-5DD04B7C7E9C}"
EndProject
Project("{FAE04EC0-301F-11D3-BF4B-00C04F79EFBC}") = "HealthCTX.Domain.Test.Organizations", "HealthCTX.Domain.Test\Organizations\HealthCTX.Domain.Test.Organizations.csproj", "{5915418F-DF34-47FC-98A5-5D08C7BAAA0A}"
EndProject
Project("{FAE04EC0-301F-11D3-BF4B-00C04F79EFBC}") = "HealthCTX.Domain.Core", "HealthCTX.Core\HealthCTX.Domain.Core.csproj", "{7BE03CBF-0B4E-4D80-909B-18DAC952F8A0}"
EndProject
Project("{FAE04EC0-301F-11D3-BF4B-00C04F79EFBC}") = "HealthCTX.Domain.Test.Practitioner", "HealthCTX.Domain.Test\HealthCTX.Domain.Test.Practitioner\HealthCTX.Domain.Test.Practitioner.csproj", "{597BF5E1-0C53-4F46-A91B-5CFB4B6AE336}"
EndProject
Project("{FAE04EC0-301F-11D3-BF4B-00C04F79EFBC}") = "HealthCTX.Domain.Test.PractitionerRole", "HealthCTX.Domain.Test\HealthCTX.Domain.Test.PractitionerRole\HealthCTX.Domain.Test.PractitionerRole.csproj", "{776FA6EB-9815-48BF-AD13-CA6B09737718}"
EndProject
Project("{2150E333-8FDC-42A3-9474-1A3956D46DE8}") = ".github", ".github", "{02EA681E-C7D8-13C7-8484-4AC65E1B71E8}"
EndProject
Project("{2150E333-8FDC-42A3-9474-1A3956D46DE8}") = "workflows", "workflows", "{FDF17782-60CC-48AA-B33B-6A619529EF72}"
	ProjectSection(SolutionItems) = preProject
		.github\workflows\build.yml = .github\workflows\build.yml
	EndProjectSection
EndProject
Project("{FAE04EC0-301F-11D3-BF4B-00C04F79EFBC}") = "HealthCTX.Domain.Test.Observation", "HealthCTX.Domain.Test\HealthCTX.Domain.Test.Observation\HealthCTX.Domain.Test.Observation.csproj", "{927C26C9-2F04-4AE6-99AA-90B10F78FE6C}"
EndProject
Project("{2150E333-8FDC-42A3-9474-1A3956D46DE8}") = "Readme", "Readme", "{F9CD65BD-7ED9-45CF-80DE-5021D91F9082}"
	ProjectSection(SolutionItems) = preProject
		README.md = README.md
	EndProjectSection
EndProject
Project("{FAE04EC0-301F-11D3-BF4B-00C04F79EFBC}") = "HealthCTX.Domain.Test.Locations", "HealthCTX.Domain.Test\HealthCTX.Domain.Test.Locations\HealthCTX.Domain.Test.Locations.csproj", "{1AE39EFB-6EB4-4683-ADE0-CAD4192D603E}"
EndProject
Project("{FAE04EC0-301F-11D3-BF4B-00C04F79EFBC}") = "HealthCTX.Domain.Test.Bundle", "HealthCTX.Domain.Test\HealthCTX.Domain.Test.Bundle\HealthCTX.Domain.Test.Bundle.csproj", "{FFA4DA64-7548-4102-B278-455E255FF8DE}"
EndProject
Global
	GlobalSection(SolutionConfigurationPlatforms) = preSolution
		Debug|Any CPU = Debug|Any CPU
		Release|Any CPU = Release|Any CPU
	EndGlobalSection
	GlobalSection(ProjectConfigurationPlatforms) = postSolution
		{8E7963C9-3CE3-4F2B-A244-7A270DC2F091}.Debug|Any CPU.ActiveCfg = Debug|Any CPU
		{8E7963C9-3CE3-4F2B-A244-7A270DC2F091}.Debug|Any CPU.Build.0 = Debug|Any CPU
		{8E7963C9-3CE3-4F2B-A244-7A270DC2F091}.Release|Any CPU.ActiveCfg = Release|Any CPU
		{8E7963C9-3CE3-4F2B-A244-7A270DC2F091}.Release|Any CPU.Build.0 = Release|Any CPU
		{4C232F7B-F822-4C6E-883C-2148576309D1}.Debug|Any CPU.ActiveCfg = Debug|Any CPU
		{4C232F7B-F822-4C6E-883C-2148576309D1}.Debug|Any CPU.Build.0 = Debug|Any CPU
		{4C232F7B-F822-4C6E-883C-2148576309D1}.Release|Any CPU.ActiveCfg = Release|Any CPU
		{4C232F7B-F822-4C6E-883C-2148576309D1}.Release|Any CPU.Build.0 = Release|Any CPU
		{94ACCB9D-2870-4E1F-866A-259942A65FB0}.Debug|Any CPU.ActiveCfg = Debug|Any CPU
		{94ACCB9D-2870-4E1F-866A-259942A65FB0}.Debug|Any CPU.Build.0 = Debug|Any CPU
		{94ACCB9D-2870-4E1F-866A-259942A65FB0}.Release|Any CPU.ActiveCfg = Release|Any CPU
		{94ACCB9D-2870-4E1F-866A-259942A65FB0}.Release|Any CPU.Build.0 = Release|Any CPU
		{A7CA21C1-71AA-414E-A681-5DD04B7C7E9C}.Debug|Any CPU.ActiveCfg = Debug|Any CPU
		{A7CA21C1-71AA-414E-A681-5DD04B7C7E9C}.Debug|Any CPU.Build.0 = Debug|Any CPU
		{A7CA21C1-71AA-414E-A681-5DD04B7C7E9C}.Release|Any CPU.ActiveCfg = Release|Any CPU
		{A7CA21C1-71AA-414E-A681-5DD04B7C7E9C}.Release|Any CPU.Build.0 = Release|Any CPU
		{5915418F-DF34-47FC-98A5-5D08C7BAAA0A}.Debug|Any CPU.ActiveCfg = Debug|Any CPU
		{5915418F-DF34-47FC-98A5-5D08C7BAAA0A}.Debug|Any CPU.Build.0 = Debug|Any CPU
		{5915418F-DF34-47FC-98A5-5D08C7BAAA0A}.Release|Any CPU.ActiveCfg = Release|Any CPU
		{5915418F-DF34-47FC-98A5-5D08C7BAAA0A}.Release|Any CPU.Build.0 = Release|Any CPU
		{7BE03CBF-0B4E-4D80-909B-18DAC952F8A0}.Debug|Any CPU.ActiveCfg = Debug|Any CPU
		{7BE03CBF-0B4E-4D80-909B-18DAC952F8A0}.Debug|Any CPU.Build.0 = Debug|Any CPU
		{7BE03CBF-0B4E-4D80-909B-18DAC952F8A0}.Release|Any CPU.ActiveCfg = Release|Any CPU
		{7BE03CBF-0B4E-4D80-909B-18DAC952F8A0}.Release|Any CPU.Build.0 = Release|Any CPU
		{597BF5E1-0C53-4F46-A91B-5CFB4B6AE336}.Debug|Any CPU.ActiveCfg = Debug|Any CPU
		{597BF5E1-0C53-4F46-A91B-5CFB4B6AE336}.Debug|Any CPU.Build.0 = Debug|Any CPU
		{597BF5E1-0C53-4F46-A91B-5CFB4B6AE336}.Release|Any CPU.ActiveCfg = Release|Any CPU
		{597BF5E1-0C53-4F46-A91B-5CFB4B6AE336}.Release|Any CPU.Build.0 = Release|Any CPU
		{776FA6EB-9815-48BF-AD13-CA6B09737718}.Debug|Any CPU.ActiveCfg = Debug|Any CPU
		{776FA6EB-9815-48BF-AD13-CA6B09737718}.Debug|Any CPU.Build.0 = Debug|Any CPU
		{776FA6EB-9815-48BF-AD13-CA6B09737718}.Release|Any CPU.ActiveCfg = Release|Any CPU
		{776FA6EB-9815-48BF-AD13-CA6B09737718}.Release|Any CPU.Build.0 = Release|Any CPU
		{927C26C9-2F04-4AE6-99AA-90B10F78FE6C}.Debug|Any CPU.ActiveCfg = Debug|Any CPU
		{927C26C9-2F04-4AE6-99AA-90B10F78FE6C}.Debug|Any CPU.Build.0 = Debug|Any CPU
		{927C26C9-2F04-4AE6-99AA-90B10F78FE6C}.Release|Any CPU.ActiveCfg = Release|Any CPU
		{927C26C9-2F04-4AE6-99AA-90B10F78FE6C}.Release|Any CPU.Build.0 = Release|Any CPU
		{1AE39EFB-6EB4-4683-ADE0-CAD4192D603E}.Debug|Any CPU.ActiveCfg = Debug|Any CPU
		{1AE39EFB-6EB4-4683-ADE0-CAD4192D603E}.Debug|Any CPU.Build.0 = Debug|Any CPU
		{1AE39EFB-6EB4-4683-ADE0-CAD4192D603E}.Release|Any CPU.ActiveCfg = Release|Any CPU
		{1AE39EFB-6EB4-4683-ADE0-CAD4192D603E}.Release|Any CPU.Build.0 = Release|Any CPU
		{FFA4DA64-7548-4102-B278-455E255FF8DE}.Debug|Any CPU.ActiveCfg = Debug|Any CPU
		{FFA4DA64-7548-4102-B278-455E255FF8DE}.Debug|Any CPU.Build.0 = Debug|Any CPU
		{FFA4DA64-7548-4102-B278-455E255FF8DE}.Release|Any CPU.ActiveCfg = Release|Any CPU
		{FFA4DA64-7548-4102-B278-455E255FF8DE}.Release|Any CPU.Build.0 = Release|Any CPU
	EndGlobalSection
	GlobalSection(SolutionProperties) = preSolution
		HideSolutionNode = FALSE
	EndGlobalSection
	GlobalSection(NestedProjects) = preSolution
		{A7CA21C1-71AA-414E-A681-5DD04B7C7E9C} = {35EA1D69-5D3E-4CB8-BCBB-401990C4AC4F}
		{5915418F-DF34-47FC-98A5-5D08C7BAAA0A} = {35EA1D69-5D3E-4CB8-BCBB-401990C4AC4F}
		{597BF5E1-0C53-4F46-A91B-5CFB4B6AE336} = {35EA1D69-5D3E-4CB8-BCBB-401990C4AC4F}
		{776FA6EB-9815-48BF-AD13-CA6B09737718} = {35EA1D69-5D3E-4CB8-BCBB-401990C4AC4F}
		{FDF17782-60CC-48AA-B33B-6A619529EF72} = {02EA681E-C7D8-13C7-8484-4AC65E1B71E8}
		{927C26C9-2F04-4AE6-99AA-90B10F78FE6C} = {35EA1D69-5D3E-4CB8-BCBB-401990C4AC4F}
		{1AE39EFB-6EB4-4683-ADE0-CAD4192D603E} = {35EA1D69-5D3E-4CB8-BCBB-401990C4AC4F}
		{FFA4DA64-7548-4102-B278-455E255FF8DE} = {35EA1D69-5D3E-4CB8-BCBB-401990C4AC4F}
	EndGlobalSection
	GlobalSection(ExtensibilityGlobals) = postSolution
		SolutionGuid = {D9A549BB-A6EF-4BFB-B91D-728144153299}
	EndGlobalSection
EndGlobal
